
Microsoft Visual Studio Solution File, Format Version 12.00
# Visual Studio Version 16
VisualStudioVersion = 16.0.29215.179
MinimumVisualStudioVersion = 10.0.40219.1
Project("{FAE04EC0-301F-11D3-BF4B-00C04F79EFBC}") = "TrashCollector", "TrashCollector.csproj", "{29F73282-2A44-4E18-9E57-5494FF9C3E74}"
EndProject
Global
	GlobalSection(SolutionConfigurationPlatforms) = preSolution
		Debug|Any CPU = Debug|Any CPU
		Release|Any CPU = Release|Any CPU
	EndGlobalSection
	GlobalSection(ProjectConfigurationPlatforms) = postSolution
		{29F73282-2A44-4E18-9E57-5494FF9C3E74}.Debug|Any CPU.ActiveCfg = Debug|Any CPU
		{29F73282-2A44-4E18-9E57-5494FF9C3E74}.Debug|Any CPU.Build.0 = Debug|Any CPU
		{29F73282-2A44-4E18-9E57-5494FF9C3E74}.Release|Any CPU.ActiveCfg = Release|Any CPU
		{29F73282-2A44-4E18-9E57-5494FF9C3E74}.Release|Any CPU.Build.0 = Release|Any CPU
	EndGlobalSection
	GlobalSection(SolutionProperties) = preSolution
		HideSolutionNode = FALSE
	EndGlobalSection
	GlobalSection(ExtensibilityGlobals) = postSolution
		SolutionGuid = {BFFFA53B-B2CA-42A0-B8BF-6EF5139DA0D4}
	EndGlobalSection
EndGlobal
